// !$*UTF8*$!
{
	archiveVersion = 1;
	classes = {
	};
	objectVersion = 50;
	objects = {

/* Begin PBXBuildFile section */
		2A766AAC2656374D00455E17 /* AppDelegate.swift in Sources */ = {isa = PBXBuildFile; fileRef = 2A766AAB2656374D00455E17 /* AppDelegate.swift */; };
		2A766AAE2656374D00455E17 /* SceneDelegate.swift in Sources */ = {isa = PBXBuildFile; fileRef = 2A766AAD2656374D00455E17 /* SceneDelegate.swift */; };
		2A766AB02656374D00455E17 /* ViewController.swift in Sources */ = {isa = PBXBuildFile; fileRef = 2A766AAF2656374D00455E17 /* ViewController.swift */; };
		2A766AB32656374D00455E17 /* Main.storyboard in Resources */ = {isa = PBXBuildFile; fileRef = 2A766AB12656374D00455E17 /* Main.storyboard */; };
		2A766AB52656375000455E17 /* Assets.xcassets in Resources */ = {isa = PBXBuildFile; fileRef = 2A766AB42656375000455E17 /* Assets.xcassets */; };
		2A766AB82656375000455E17 /* LaunchScreen.storyboard in Resources */ = {isa = PBXBuildFile; fileRef = 2A766AB62656375000455E17 /* LaunchScreen.storyboard */; };
		2A766AC32656375000455E17 /* CleanArchitechtureTests.swift in Sources */ = {isa = PBXBuildFile; fileRef = 2A766AC22656375000455E17 /* CleanArchitechtureTests.swift */; };
		2A766ACE2656375000455E17 /* CleanArchitechtureUITests.swift in Sources */ = {isa = PBXBuildFile; fileRef = 2A766ACD2656375000455E17 /* CleanArchitechtureUITests.swift */; };
/* End PBXBuildFile section */

/* Begin PBXContainerItemProxy section */
		2A766ABF2656375000455E17 /* PBXContainerItemProxy */ = {
			isa = PBXContainerItemProxy;
			containerPortal = 2A766AA02656374D00455E17 /* Project object */;
			proxyType = 1;
			remoteGlobalIDString = 2A766AA72656374D00455E17;
			remoteInfo = CleanArchitechture;
		};
		2A766ACA2656375000455E17 /* PBXContainerItemProxy */ = {
			isa = PBXContainerItemProxy;
			containerPortal = 2A766AA02656374D00455E17 /* Project object */;
			proxyType = 1;
			remoteGlobalIDString = 2A766AA72656374D00455E17;
			remoteInfo = CleanArchitechture;
		};
/* End PBXContainerItemProxy section */

/* Begin PBXFileReference section */
		2A766AA82656374D00455E17 /* CleanArchitechture.app */ = {isa = PBXFileReference; explicitFileType = wrapper.application; includeInIndex = 0; path = CleanArchitechture.app; sourceTree = BUILT_PRODUCTS_DIR; };
		2A766AAB2656374D00455E17 /* AppDelegate.swift */ = {isa = PBXFileReference; lastKnownFileType = sourcecode.swift; path = AppDelegate.swift; sourceTree = "<group>"; };
		2A766AAD2656374D00455E17 /* SceneDelegate.swift */ = {isa = PBXFileReference; lastKnownFileType = sourcecode.swift; path = SceneDelegate.swift; sourceTree = "<group>"; };
		2A766AAF2656374D00455E17 /* ViewController.swift */ = {isa = PBXFileReference; lastKnownFileType = sourcecode.swift; path = ViewController.swift; sourceTree = "<group>"; };
		2A766AB22656374D00455E17 /* Base */ = {isa = PBXFileReference; lastKnownFileType = file.storyboard; name = Base; path = Base.lproj/Main.storyboard; sourceTree = "<group>"; };
		2A766AB42656375000455E17 /* Assets.xcassets */ = {isa = PBXFileReference; lastKnownFileType = folder.assetcatalog; path = Assets.xcassets; sourceTree = "<group>"; };
		2A766AB72656375000455E17 /* Base */ = {isa = PBXFileReference; lastKnownFileType = file.storyboard; name = Base; path = Base.lproj/LaunchScreen.storyboard; sourceTree = "<group>"; };
		2A766AB92656375000455E17 /* Info.plist */ = {isa = PBXFileReference; lastKnownFileType = text.plist.xml; path = Info.plist; sourceTree = "<group>"; };
		2A766ABE2656375000455E17 /* CleanArchitechtureTests.xctest */ = {isa = PBXFileReference; explicitFileType = wrapper.cfbundle; includeInIndex = 0; path = CleanArchitechtureTests.xctest; sourceTree = BUILT_PRODUCTS_DIR; };
		2A766AC22656375000455E17 /* CleanArchitechtureTests.swift */ = {isa = PBXFileReference; lastKnownFileType = sourcecode.swift; path = CleanArchitechtureTests.swift; sourceTree = "<group>"; };
		2A766AC42656375000455E17 /* Info.plist */ = {isa = PBXFileReference; lastKnownFileType = text.plist.xml; path = Info.plist; sourceTree = "<group>"; };
		2A766AC92656375000455E17 /* CleanArchitechtureUITests.xctest */ = {isa = PBXFileReference; explicitFileType = wrapper.cfbundle; includeInIndex = 0; path = CleanArchitechtureUITests.xctest; sourceTree = BUILT_PRODUCTS_DIR; };
		2A766ACD2656375000455E17 /* CleanArchitechtureUITests.swift */ = {isa = PBXFileReference; lastKnownFileType = sourcecode.swift; path = CleanArchitechtureUITests.swift; sourceTree = "<group>"; };
		2A766ACF2656375000455E17 /* Info.plist */ = {isa = PBXFileReference; lastKnownFileType = text.plist.xml; path = Info.plist; sourceTree = "<group>"; };
/* End PBXFileReference section */

/* Begin PBXFrameworksBuildPhase section */
		2A766AA52656374D00455E17 /* Frameworks */ = {
			isa = PBXFrameworksBuildPhase;
			buildActionMask = 2147483647;
			files = (
			);
			runOnlyForDeploymentPostprocessing = 0;
		};
		2A766ABB2656375000455E17 /* Frameworks */ = {
			isa = PBXFrameworksBuildPhase;
			buildActionMask = 2147483647;
			files = (
			);
			runOnlyForDeploymentPostprocessing = 0;
		};
		2A766AC62656375000455E17 /* Frameworks */ = {
			isa = PBXFrameworksBuildPhase;
			buildActionMask = 2147483647;
			files = (
			);
			runOnlyForDeploymentPostprocessing = 0;
		};
/* End PBXFrameworksBuildPhase section */

/* Begin PBXGroup section */
		2A766A9F2656374D00455E17 = {
			isa = PBXGroup;
			children = (
				2A766AAA2656374D00455E17 /* CleanArchitechture */,
				2A766AC12656375000455E17 /* CleanArchitechtureTests */,
				2A766ACC2656375000455E17 /* CleanArchitechtureUITests */,
				2A766AA92656374D00455E17 /* Products */,
			);
			sourceTree = "<group>";
		};
		2A766AA92656374D00455E17 /* Products */ = {
			isa = PBXGroup;
			children = (
				2A766AA82656374D00455E17 /* CleanArchitechture.app */,
				2A766ABE2656375000455E17 /* CleanArchitechtureTests.xctest */,
				2A766AC92656375000455E17 /* CleanArchitechtureUITests.xctest */,
			);
			name = Products;
			sourceTree = "<group>";
		};
		2A766AAA2656374D00455E17 /* CleanArchitechture */ = {
			isa = PBXGroup;
			children = (
				2A766AAB2656374D00455E17 /* AppDelegate.swift */,
				2A766AAD2656374D00455E17 /* SceneDelegate.swift */,
				2A766AAF2656374D00455E17 /* ViewController.swift */,
				2A766AB12656374D00455E17 /* Main.storyboard */,
				2A766AB42656375000455E17 /* Assets.xcassets */,
				2A766AB62656375000455E17 /* LaunchScreen.storyboard */,
				2A766AB92656375000455E17 /* Info.plist */,
			);
			path = CleanArchitechture;
			sourceTree = "<group>";
		};
		2A766AC12656375000455E17 /* CleanArchitechtureTests */ = {
			isa = PBXGroup;
			children = (
				2A766AC22656375000455E17 /* CleanArchitechtureTests.swift */,
				2A766AC42656375000455E17 /* Info.plist */,
			);
			path = CleanArchitechtureTests;
			sourceTree = "<group>";
		};
		2A766ACC2656375000455E17 /* CleanArchitechtureUITests */ = {
			isa = PBXGroup;
			children = (
				2A766ACD2656375000455E17 /* CleanArchitechtureUITests.swift */,
				2A766ACF2656375000455E17 /* Info.plist */,
			);
			path = CleanArchitechtureUITests;
			sourceTree = "<group>";
		};
/* End PBXGroup section */

/* Begin PBXNativeTarget section */
		2A766AA72656374D00455E17 /* CleanArchitechture */ = {
			isa = PBXNativeTarget;
			buildConfigurationList = 2A766AD22656375000455E17 /* Build configuration list for PBXNativeTarget "CleanArchitechture" */;
			buildPhases = (
				2A766AA42656374D00455E17 /* Sources */,
				2A766AA52656374D00455E17 /* Frameworks */,
				2A766AA62656374D00455E17 /* Resources */,
			);
			buildRules = (
			);
			dependencies = (
			);
			name = CleanArchitechture;
			productName = CleanArchitechture;
			productReference = 2A766AA82656374D00455E17 /* CleanArchitechture.app */;
			productType = "com.apple.product-type.application";
		};
		2A766ABD2656375000455E17 /* CleanArchitechtureTests */ = {
			isa = PBXNativeTarget;
			buildConfigurationList = 2A766AD52656375000455E17 /* Build configuration list for PBXNativeTarget "CleanArchitechtureTests" */;
			buildPhases = (
				2A766ABA2656375000455E17 /* Sources */,
				2A766ABB2656375000455E17 /* Frameworks */,
				2A766ABC2656375000455E17 /* Resources */,
			);
			buildRules = (
			);
			dependencies = (
				2A766AC02656375000455E17 /* PBXTargetDependency */,
			);
			name = CleanArchitechtureTests;
			productName = CleanArchitechtureTests;
			productReference = 2A766ABE2656375000455E17 /* CleanArchitechtureTests.xctest */;
			productType = "com.apple.product-type.bundle.unit-test";
		};
		2A766AC82656375000455E17 /* CleanArchitechtureUITests */ = {
			isa = PBXNativeTarget;
			buildConfigurationList = 2A766AD82656375000455E17 /* Build configuration list for PBXNativeTarget "CleanArchitechtureUITests" */;
			buildPhases = (
				2A766AC52656375000455E17 /* Sources */,
				2A766AC62656375000455E17 /* Frameworks */,
				2A766AC72656375000455E17 /* Resources */,
			);
			buildRules = (
			);
			dependencies = (
				2A766ACB2656375000455E17 /* PBXTargetDependency */,
			);
			name = CleanArchitechtureUITests;
			productName = CleanArchitechtureUITests;
			productReference = 2A766AC92656375000455E17 /* CleanArchitechtureUITests.xctest */;
			productType = "com.apple.product-type.bundle.ui-testing";
		};
/* End PBXNativeTarget section */

/* Begin PBXProject section */
		2A766AA02656374D00455E17 /* Project object */ = {
			isa = PBXProject;
			attributes = {
				LastSwiftUpdateCheck = 1240;
				LastUpgradeCheck = 1240;
				TargetAttributes = {
					2A766AA72656374D00455E17 = {
						CreatedOnToolsVersion = 12.4;
					};
					2A766ABD2656375000455E17 = {
						CreatedOnToolsVersion = 12.4;
						TestTargetID = 2A766AA72656374D00455E17;
					};
					2A766AC82656375000455E17 = {
						CreatedOnToolsVersion = 12.4;
						TestTargetID = 2A766AA72656374D00455E17;
					};
				};
			};
			buildConfigurationList = 2A766AA32656374D00455E17 /* Build configuration list for PBXProject "CleanArchitechture" */;
			compatibilityVersion = "Xcode 9.3";
			developmentRegion = en;
			hasScannedForEncodings = 0;
			knownRegions = (
				en,
				Base,
			);
			mainGroup = 2A766A9F2656374D00455E17;
			productRefGroup = 2A766AA92656374D00455E17 /* Products */;
			projectDirPath = "";
			projectRoot = "";
			targets = (
				2A766AA72656374D00455E17 /* CleanArchitechture */,
				2A766ABD2656375000455E17 /* CleanArchitechtureTests */,
				2A766AC82656375000455E17 /* CleanArchitechtureUITests */,
			);
		};
/* End PBXProject section */

/* Begin PBXResourcesBuildPhase section */
		2A766AA62656374D00455E17 /* Resources */ = {
			isa = PBXResourcesBuildPhase;
			buildActionMask = 2147483647;
			files = (
				2A766AB82656375000455E17 /* LaunchScreen.storyboard in Resources */,
				2A766AB52656375000455E17 /* Assets.xcassets in Resources */,
				2A766AB32656374D00455E17 /* Main.storyboard in Resources */,
			);
			runOnlyForDeploymentPostprocessing = 0;
		};
		2A766ABC2656375000455E17 /* Resources */ = {
			isa = PBXResourcesBuildPhase;
			buildActionMask = 2147483647;
			files = (
			);
			runOnlyForDeploymentPostprocessing = 0;
		};
		2A766AC72656375000455E17 /* Resources */ = {
			isa = PBXResourcesBuildPhase;
			buildActionMask = 2147483647;
			files = (
			);
			runOnlyForDeploymentPostprocessing = 0;
		};
/* End PBXResourcesBuildPhase section */

/* Begin PBXSourcesBuildPhase section */
		2A766AA42656374D00455E17 /* Sources */ = {
			isa = PBXSourcesBuildPhase;
			buildActionMask = 2147483647;
			files = (
				2A766AB02656374D00455E17 /* ViewController.swift in Sources */,
				2A766AAC2656374D00455E17 /* AppDelegate.swift in Sources */,
				2A766AAE2656374D00455E17 /* SceneDelegate.swift in Sources */,
			);
			runOnlyForDeploymentPostprocessing = 0;
		};
		2A766ABA2656375000455E17 /* Sources */ = {
			isa = PBXSourcesBuildPhase;
			buildActionMask = 2147483647;
			files = (
				2A766AC32656375000455E17 /* CleanArchitechtureTests.swift in Sources */,
			);
			runOnlyForDeploymentPostprocessing = 0;
		};
		2A766AC52656375000455E17 /* Sources */ = {
			isa = PBXSourcesBuildPhase;
			buildActionMask = 2147483647;
			files = (
				2A766ACE2656375000455E17 /* CleanArchitechtureUITests.swift in Sources */,
			);
			runOnlyForDeploymentPostprocessing = 0;
		};
/* End PBXSourcesBuildPhase section */

/* Begin PBXTargetDependency section */
		2A766AC02656375000455E17 /* PBXTargetDependency */ = {
			isa = PBXTargetDependency;
			target = 2A766AA72656374D00455E17 /* CleanArchitechture */;
			targetProxy = 2A766ABF2656375000455E17 /* PBXContainerItemProxy */;
		};
		2A766ACB2656375000455E17 /* PBXTargetDependency */ = {
			isa = PBXTargetDependency;
			target = 2A766AA72656374D00455E17 /* CleanArchitechture */;
			targetProxy = 2A766ACA2656375000455E17 /* PBXContainerItemProxy */;
		};
/* End PBXTargetDependency section */

/* Begin PBXVariantGroup section */
		2A766AB12656374D00455E17 /* Main.storyboard */ = {
			isa = PBXVariantGroup;
			children = (
				2A766AB22656374D00455E17 /* Base */,
			);
			name = Main.storyboard;
			sourceTree = "<group>";
		};
		2A766AB62656375000455E17 /* LaunchScreen.storyboard */ = {
			isa = PBXVariantGroup;
			children = (
				2A766AB72656375000455E17 /* Base */,
			);
			name = LaunchScreen.storyboard;
			sourceTree = "<group>";
		};
/* End PBXVariantGroup section */

/* Begin XCBuildConfiguration section */
		2A766AD02656375000455E17 /* Debug */ = {
			isa = XCBuildConfiguration;
			buildSettings = {
				ALWAYS_SEARCH_USER_PATHS = NO;
				CLANG_ANALYZER_NONNULL = YES;
				CLANG_ANALYZER_NUMBER_OBJECT_CONVERSION = YES_AGGRESSIVE;
				CLANG_CXX_LANGUAGE_STANDARD = "gnu++14";
				CLANG_CXX_LIBRARY = "libc++";
				CLANG_ENABLE_MODULES = YES;
				CLANG_ENABLE_OBJC_ARC = YES;
				CLANG_ENABLE_OBJC_WEAK = YES;
				CLANG_WARN_BLOCK_CAPTURE_AUTORELEASING = YES;
				CLANG_WARN_BOOL_CONVERSION = YES;
				CLANG_WARN_COMMA = YES;
				CLANG_WARN_CONSTANT_CONVERSION = YES;
				CLANG_WARN_DEPRECATED_OBJC_IMPLEMENTATIONS = YES;
				CLANG_WARN_DIRECT_OBJC_ISA_USAGE = YES_ERROR;
				CLANG_WARN_DOCUMENTATION_COMMENTS = YES;
				CLANG_WARN_EMPTY_BODY = YES;
				CLANG_WARN_ENUM_CONVERSION = YES;
				CLANG_WARN_INFINITE_RECURSION = YES;
				CLANG_WARN_INT_CONVERSION = YES;
				CLANG_WARN_NON_LITERAL_NULL_CONVERSION = YES;
				CLANG_WARN_OBJC_IMPLICIT_RETAIN_SELF = YES;
				CLANG_WARN_OBJC_LITERAL_CONVERSION = YES;
				CLANG_WARN_OBJC_ROOT_CLASS = YES_ERROR;
				CLANG_WARN_QUOTED_INCLUDE_IN_FRAMEWORK_HEADER = YES;
				CLANG_WARN_RANGE_LOOP_ANALYSIS = YES;
				CLANG_WARN_STRICT_PROTOTYPES = YES;
				CLANG_WARN_SUSPICIOUS_MOVE = YES;
				CLANG_WARN_UNGUARDED_AVAILABILITY = YES_AGGRESSIVE;
				CLANG_WARN_UNREACHABLE_CODE = YES;
				CLANG_WARN__DUPLICATE_METHOD_MATCH = YES;
				COPY_PHASE_STRIP = NO;
				DEBUG_INFORMATION_FORMAT = dwarf;
				ENABLE_STRICT_OBJC_MSGSEND = YES;
				ENABLE_TESTABILITY = YES;
				GCC_C_LANGUAGE_STANDARD = gnu11;
				GCC_DYNAMIC_NO_PIC = NO;
				GCC_NO_COMMON_BLOCKS = YES;
				GCC_OPTIMIZATION_LEVEL = 0;
				GCC_PREPROCESSOR_DEFINITIONS = (
					"DEBUG=1",
					"$(inherited)",
				);
				GCC_WARN_64_TO_32_BIT_CONVERSION = YES;
				GCC_WARN_ABOUT_RETURN_TYPE = YES_ERROR;
				GCC_WARN_UNDECLARED_SELECTOR = YES;
				GCC_WARN_UNINITIALIZED_AUTOS = YES_AGGRESSIVE;
				GCC_WARN_UNUSED_FUNCTION = YES;
				GCC_WARN_UNUSED_VARIABLE = YES;
				IPHONEOS_DEPLOYMENT_TARGET = 14.4;
				MTL_ENABLE_DEBUG_INFO = INCLUDE_SOURCE;
				MTL_FAST_MATH = YES;
				ONLY_ACTIVE_ARCH = YES;
				SDKROOT = iphoneos;
				SWIFT_ACTIVE_COMPILATION_CONDITIONS = DEBUG;
				SWIFT_OPTIMIZATION_LEVEL = "-Onone";
			};
			name = Debug;
		};
		2A766AD12656375000455E17 /* Release */ = {
			isa = XCBuildConfiguration;
			buildSettings = {
				ALWAYS_SEARCH_USER_PATHS = NO;
				CLANG_ANALYZER_NONNULL = YES;
				CLANG_ANALYZER_NUMBER_OBJECT_CONVERSION = YES_AGGRESSIVE;
				CLANG_CXX_LANGUAGE_STANDARD = "gnu++14";
				CLANG_CXX_LIBRARY = "libc++";
				CLANG_ENABLE_MODULES = YES;
				CLANG_ENABLE_OBJC_ARC = YES;
				CLANG_ENABLE_OBJC_WEAK = YES;
				CLANG_WARN_BLOCK_CAPTURE_AUTORELEASING = YES;
				CLANG_WARN_BOOL_CONVERSION = YES;
				CLANG_WARN_COMMA = YES;
				CLANG_WARN_CONSTANT_CONVERSION = YES;
				CLANG_WARN_DEPRECATED_OBJC_IMPLEMENTATIONS = YES;
				CLANG_WARN_DIRECT_OBJC_ISA_USAGE = YES_ERROR;
				CLANG_WARN_DOCUMENTATION_COMMENTS = YES;
				CLANG_WARN_EMPTY_BODY = YES;
				CLANG_WARN_ENUM_CONVERSION = YES;
				CLANG_WARN_INFINITE_RECURSION = YES;
				CLANG_WARN_INT_CONVERSION = YES;
				CLANG_WARN_NON_LITERAL_NULL_CONVERSION = YES;
				CLANG_WARN_OBJC_IMPLICIT_RETAIN_SELF = YES;
				CLANG_WARN_OBJC_LITERAL_CONVERSION = YES;
				CLANG_WARN_OBJC_ROOT_CLASS = YES_ERROR;
				CLANG_WARN_QUOTED_INCLUDE_IN_FRAMEWORK_HEADER = YES;
				CLANG_WARN_RANGE_LOOP_ANALYSIS = YES;
				CLANG_WARN_STRICT_PROTOTYPES = YES;
				CLANG_WARN_SUSPICIOUS_MOVE = YES;
				CLANG_WARN_UNGUARDED_AVAILABILITY = YES_AGGRESSIVE;
				CLANG_WARN_UNREACHABLE_CODE = YES;
				CLANG_WARN__DUPLICATE_METHOD_MATCH = YES;
				COPY_PHASE_STRIP = NO;
				DEBUG_INFORMATION_FORMAT = "dwarf-with-dsym";
				ENABLE_NS_ASSERTIONS = NO;
				ENABLE_STRICT_OBJC_MSGSEND = YES;
				GCC_C_LANGUAGE_STANDARD = gnu11;
				GCC_NO_COMMON_BLOCKS = YES;
				GCC_WARN_64_TO_32_BIT_CONVERSION = YES;
				GCC_WARN_ABOUT_RETURN_TYPE = YES_ERROR;
				GCC_WARN_UNDECLARED_SELECTOR = YES;
				GCC_WARN_UNINITIALIZED_AUTOS = YES_AGGRESSIVE;
				GCC_WARN_UNUSED_FUNCTION = YES;
				GCC_WARN_UNUSED_VARIABLE = YES;
				IPHONEOS_DEPLOYMENT_TARGET = 14.4;
				MTL_ENABLE_DEBUG_INFO = NO;
				MTL_FAST_MATH = YES;
				SDKROOT = iphoneos;
				SWIFT_COMPILATION_MODE = wholemodule;
				SWIFT_OPTIMIZATION_LEVEL = "-O";
				VALIDATE_PRODUCT = YES;
			};
			name = Release;
		};
		2A766AD32656375000455E17 /* Debug */ = {
			isa = XCBuildConfiguration;
			buildSettings = {
				ASSETCATALOG_COMPILER_APPICON_NAME = AppIcon;
				ASSETCATALOG_COMPILER_GLOBAL_ACCENT_COLOR_NAME = AccentColor;
				CODE_SIGN_STYLE = Automatic;
				DEVELOPMENT_TEAM = 3QCVS5M6Q4;
				INFOPLIST_FILE = CleanArchitechture/Info.plist;
				LD_RUNPATH_SEARCH_PATHS = (
					"$(inherited)",
					"@executable_path/Frameworks",
				);
				PRODUCT_BUNDLE_IDENTIFIER = com.ARCDemo.CleanArchitechture;
				PRODUCT_NAME = "$(TARGET_NAME)";
				SWIFT_VERSION = 5.0;
				TARGETED_DEVICE_FAMILY = "1,2";
			};
			name = Debug;
		};
		2A766AD42656375000455E17 /* Release */ = {
			isa = XCBuildConfiguration;
			buildSettings = {
				ASSETCATALOG_COMPILER_APPICON_NAME = AppIcon;
				ASSETCATALOG_COMPILER_GLOBAL_ACCENT_COLOR_NAME = AccentColor;
				CODE_SIGN_STYLE = Automatic;
				DEVELOPMENT_TEAM = 3QCVS5M6Q4;
				INFOPLIST_FILE = CleanArchitechture/Info.plist;
				LD_RUNPATH_SEARCH_PATHS = (
					"$(inherited)",
					"@executable_path/Frameworks",
				);
				PRODUCT_BUNDLE_IDENTIFIER = com.ARCDemo.CleanArchitechture;
				PRODUCT_NAME = "$(TARGET_NAME)";
				SWIFT_VERSION = 5.0;
				TARGETED_DEVICE_FAMILY = "1,2";
			};
			name = Release;
		};
		2A766AD62656375000455E17 /* Debug */ = {
			isa = XCBuildConfiguration;
			buildSettings = {
				ALWAYS_EMBED_SWIFT_STANDARD_LIBRARIES = YES;
				BUNDLE_LOADER = "$(TEST_HOST)";
				CODE_SIGN_STYLE = Automatic;
				DEVELOPMENT_TEAM = 3QCVS5M6Q4;
				INFOPLIST_FILE = CleanArchitechtureTests/Info.plist;
				IPHONEOS_DEPLOYMENT_TARGET = 14.4;
				LD_RUNPATH_SEARCH_PATHS = (
					"$(inherited)",
					"@executable_path/Frameworks",
					"@loader_path/Frameworks",
				);
				PRODUCT_BUNDLE_IDENTIFIER = com.ARCDemo.CleanArchitechtureTests;
				PRODUCT_NAME = "$(TARGET_NAME)";
				SWIFT_VERSION = 5.0;
				TARGETED_DEVICE_FAMILY = "1,2";
				TEST_HOST = "$(BUILT_PRODUCTS_DIR)/CleanArchitechture.app/CleanArchitechture";
			};
			name = Debug;
		};
		2A766AD72656375000455E17 /* Release */ = {
			isa = XCBuildConfiguration;
			buildSettings = {
				ALWAYS_EMBED_SWIFT_STANDARD_LIBRARIES = YES;
				BUNDLE_LOADER = "$(TEST_HOST)";
				CODE_SIGN_STYLE = Automatic;
				DEVELOPMENT_TEAM = 3QCVS5M6Q4;
				INFOPLIST_FILE = CleanArchitechtureTests/Info.plist;
				IPHONEOS_DEPLOYMENT_TARGET = 14.4;
				LD_RUNPATH_SEARCH_PATHS = (
					"$(inherited)",
					"@executable_path/Frameworks",
					"@loader_path/Frameworks",
				);
				PRODUCT_BUNDLE_IDENTIFIER = com.ARCDemo.CleanArchitechtureTests;
				PRODUCT_NAME = "$(TARGET_NAME)";
				SWIFT_VERSION = 5.0;
				TARGETED_DEVICE_FAMILY = "1,2";
				TEST_HOST = "$(BUILT_PRODUCTS_DIR)/CleanArchitechture.app/CleanArchitechture";
			};
			name = Release;
		};
		2A766AD92656375000455E17 /* Debug */ = {
			isa = XCBuildConfiguration;
			buildSettings = {
				ALWAYS_EMBED_SWIFT_STANDARD_LIBRARIES = YES;
				CODE_SIGN_STYLE = Automatic;
				DEVELOPMENT_TEAM = 3QCVS5M6Q4;
				INFOPLIST_FILE = CleanArchitechtureUITests/Info.plist;
				LD_RUNPATH_SEARCH_PATHS = (
					"$(inherited)",
					"@executable_path/Frameworks",
					"@loader_path/Frameworks",
				);
				PRODUCT_BUNDLE_IDENTIFIER = com.ARCDemo.CleanArchitechtureUITests;
				PRODUCT_NAME = "$(TARGET_NAME)";
				SWIFT_VERSION = 5.0;
				TARGETED_DEVICE_FAMILY = "1,2";
				TEST_TARGET_NAME = CleanArchitechture;
			};
			name = Debug;
		};
		2A766ADA2656375000455E17 /* Release */ = {
			isa = XCBuildConfiguration;
			buildSettings = {
				ALWAYS_EMBED_SWIFT_STANDARD_LIBRARIES = YES;
				CODE_SIGN_STYLE = Automatic;
				DEVELOPMENT_TEAM = 3QCVS5M6Q4;
				INFOPLIST_FILE = CleanArchitechtureUITests/Info.plist;
				LD_RUNPATH_SEARCH_PATHS = (
					"$(inherited)",
					"@executable_path/Frameworks",
					"@loader_path/Frameworks",
				);
				PRODUCT_BUNDLE_IDENTIFIER = com.ARCDemo.CleanArchitechtureUITests;
				PRODUCT_NAME = "$(TARGET_NAME)";
				SWIFT_VERSION = 5.0;
				TARGETED_DEVICE_FAMILY = "1,2";
				TEST_TARGET_NAME = CleanArchitechture;
			};
			name = Release;
		};
/* End XCBuildConfiguration section */

/* Begin XCConfigurationList section */
		2A766AA32656374D00455E17 /* Build configuration list for PBXProject "CleanArchitechture" */ = {
			isa = XCConfigurationList;
			buildConfigurations = (
				2A766AD02656375000455E17 /* Debug */,
				2A766AD12656375000455E17 /* Release */,
			);
			defaultConfigurationIsVisible = 0;
			defaultConfigurationName = Release;
		};
		2A766AD22656375000455E17 /* Build configuration list for PBXNativeTarget "CleanArchitechture" */ = {
			isa = XCConfigurationList;
			buildConfigurations = (
				2A766AD32656375000455E17 /* Debug */,
				2A766AD42656375000455E17 /* Release */,
			);
			defaultConfigurationIsVisible = 0;
			defaultConfigurationName = Release;
		};
		2A766AD52656375000455E17 /* Build configuration list for PBXNativeTarget "CleanArchitechtureTests" */ = {
			isa = XCConfigurationList;
			buildConfigurations = (
				2A766AD62656375000455E17 /* Debug */,
				2A766AD72656375000455E17 /* Release */,
			);
			defaultConfigurationIsVisible = 0;
			defaultConfigurationName = Release;
		};
		2A766AD82656375000455E17 /* Build configuration list for PBXNativeTarget "CleanArchitechtureUITests" */ = {
			isa = XCConfigurationList;
			buildConfigurations = (
				2A766AD92656375000455E17 /* Debug */,
				2A766ADA2656375000455E17 /* Release */,
			);
			defaultConfigurationIsVisible = 0;
			defaultConfigurationName = Release;
		};
/* End XCConfigurationList section */
	};
	rootObject = 2A766AA02656374D00455E17 /* Project object */;
}
